{
  "name": "justgo",
  "version": "1.0.0",
  "lockfileVersion": 1,
  "requires": true,
  "dependencies": {
    "@google/maps": {
      "version": "0.4.6",
      "resolved": "https://registry.npmjs.org/@google/maps/-/maps-0.4.6.tgz",
      "integrity": "sha512-eoLrzOc2/IYqce0Tw1dxuHEqabbPS5jsuhbGHMkJETI5eA1Ls+1BlRigjbljgnbH77f5P9wfFgaoolXIhMYg8Q=="
    },
    "asap": {
      "version": "1.0.0",
      "resolved": "https://registry.npmjs.org/asap/-/asap-1.0.0.tgz",
      "integrity": "sha1-sqRdpf36ILBJb8N2jMJ8EvqRan0="
    },
    "debug": {
      "version": "0.7.4",
      "resolved": "https://registry.npmjs.org/debug/-/debug-0.7.4.tgz",
      "integrity": "sha1-BuHqgILCyxTjmAbiLi9vdX+Srzk="
    },
    "geolocation": {
      "version": "0.2.0",
      "resolved": "https://registry.npmjs.org/geolocation/-/geolocation-0.2.0.tgz",
      "integrity": "sha1-aHd00Z9k8jD+b933y27gWCMnlrI=",
      "requires": {
        "debug": "0.7.4",
        "inherits": "2.0.3"
      }
    },
    "google-maps-api": {
      "version": "2.0.1",
      "resolved": "https://registry.npmjs.org/google-maps-api/-/google-maps-api-2.0.1.tgz",
      "integrity": "sha1-ZmKCifmfw2+T9CgWa83cov2d4EM=",
      "requires": {
        "latlng": "1.0.0",
        "promise": "6.1.0",
        "scriptjs": "2.5.8"
      }
    },
    "inherits": {
      "version": "2.0.3",
      "resolved": "https://registry.npmjs.org/inherits/-/inherits-2.0.3.tgz",
      "integrity": "sha1-Yzwsg+PaQqUC9SRmAiSA9CCCYd4="
    },
    "latlng": {
      "version": "1.0.0",
      "resolved": "https://registry.npmjs.org/latlng/-/latlng-1.0.0.tgz",
      "integrity": "sha1-tBvPxlbOQr7ImggAHKYMVcmbEgQ="
    },
    "promise": {
      "version": "6.1.0",
      "resolved": "https://registry.npmjs.org/promise/-/promise-6.1.0.tgz",
      "integrity": "sha1-LOcp9rlLRcJoka0GAsXJDgTG7vY=",
      "requires": {
        "asap": "1.0.0"
      }
    },
    "scriptjs": {
      "version": "2.5.8",
      "resolved": "https://registry.npmjs.org/scriptjs/-/scriptjs-2.5.8.tgz",
      "integrity": "sha1-0MQ5VcLmutM7bk7fe1O4llqnyl8="
    }
  }
}
